// !$*UTF8*$!
{
	archiveVersion = 1;
	classes = {
	};
	objectVersion = 56;
	objects = {

/* Begin PBXBuildFile section */
		ED6C8C822B7C2FC800775B83 /* HW_2_Problem_4__Bessel_FunctionsApp.swift in Sources */ = {isa = PBXBuildFile; fileRef = ED6C8C812B7C2FC800775B83 /* HW_2_Problem_4__Bessel_FunctionsApp.swift */; };
		ED6C8C842B7C2FC800775B83 /* ContentView.swift in Sources */ = {isa = PBXBuildFile; fileRef = ED6C8C832B7C2FC800775B83 /* ContentView.swift */; };
		ED6C8C862B7C2FCA00775B83 /* Assets.xcassets in Resources */ = {isa = PBXBuildFile; fileRef = ED6C8C852B7C2FCA00775B83 /* Assets.xcassets */; };
		ED6C8C8A2B7C2FCA00775B83 /* Preview Assets.xcassets in Resources */ = {isa = PBXBuildFile; fileRef = ED6C8C892B7C2FCA00775B83 /* Preview Assets.xcassets */; };
		ED6C8C942B7C2FCA00775B83 /* HW_2_Problem_4__Bessel_FunctionsTests.swift in Sources */ = {isa = PBXBuildFile; fileRef = ED6C8C932B7C2FCA00775B83 /* HW_2_Problem_4__Bessel_FunctionsTests.swift */; };
		ED6C8C9E2B7C2FCA00775B83 /* HW_2_Problem_4__Bessel_FunctionsUITests.swift in Sources */ = {isa = PBXBuildFile; fileRef = ED6C8C9D2B7C2FCA00775B83 /* HW_2_Problem_4__Bessel_FunctionsUITests.swift */; };
		ED6C8CA02B7C2FCA00775B83 /* HW_2_Problem_4__Bessel_FunctionsUITestsLaunchTests.swift in Sources */ = {isa = PBXBuildFile; fileRef = ED6C8C9F2B7C2FCA00775B83 /* HW_2_Problem_4__Bessel_FunctionsUITestsLaunchTests.swift */; };
		EDA34B002B85757800689D1C /* Problem4a.swift in Sources */ = {isa = PBXBuildFile; fileRef = EDA34AFF2B85757800689D1C /* Problem4a.swift */; };
/* End PBXBuildFile section */

/* Begin PBXContainerItemProxy section */
		ED6C8C902B7C2FCA00775B83 /* PBXContainerItemProxy */ = {
			isa = PBXContainerItemProxy;
			containerPortal = ED6C8C762B7C2FC800775B83 /* Project object */;
			proxyType = 1;
			remoteGlobalIDString = ED6C8C7D2B7C2FC800775B83;
			remoteInfo = "HW 2 Problem 4- Bessel Functions";
		};
		ED6C8C9A2B7C2FCA00775B83 /* PBXContainerItemProxy */ = {
			isa = PBXContainerItemProxy;
			containerPortal = ED6C8C762B7C2FC800775B83 /* Project object */;
			proxyType = 1;
			remoteGlobalIDString = ED6C8C7D2B7C2FC800775B83;
			remoteInfo = "HW 2 Problem 4- Bessel Functions";
		};
/* End PBXContainerItemProxy section */

/* Begin PBXFileReference section */
		ED6C8C7E2B7C2FC800775B83 /* HW 2 Problem 4- Bessel Functions.app */ = {isa = PBXFileReference; explicitFileType = wrapper.application; includeInIndex = 0; path = "HW 2 Problem 4- Bessel Functions.app"; sourceTree = BUILT_PRODUCTS_DIR; };
		ED6C8C812B7C2FC800775B83 /* HW_2_Problem_4__Bessel_FunctionsApp.swift */ = {isa = PBXFileReference; lastKnownFileType = sourcecode.swift; path = HW_2_Problem_4__Bessel_FunctionsApp.swift; sourceTree = "<group>"; };
		ED6C8C832B7C2FC800775B83 /* ContentView.swift */ = {isa = PBXFileReference; lastKnownFileType = sourcecode.swift; path = ContentView.swift; sourceTree = "<group>"; };
		ED6C8C852B7C2FCA00775B83 /* Assets.xcassets */ = {isa = PBXFileReference; lastKnownFileType = folder.assetcatalog; path = Assets.xcassets; sourceTree = "<group>"; };
		ED6C8C872B7C2FCA00775B83 /* HW_2_Problem_4__Bessel_Functions.entitlements */ = {isa = PBXFileReference; lastKnownFileType = text.plist.entitlements; path = HW_2_Problem_4__Bessel_Functions.entitlements; sourceTree = "<group>"; };
		ED6C8C892B7C2FCA00775B83 /* Preview Assets.xcassets */ = {isa = PBXFileReference; lastKnownFileType = folder.assetcatalog; path = "Preview Assets.xcassets"; sourceTree = "<group>"; };
		ED6C8C8F2B7C2FCA00775B83 /* HW 2 Problem 4- Bessel FunctionsTests.xctest */ = {isa = PBXFileReference; explicitFileType = wrapper.cfbundle; includeInIndex = 0; path = "HW 2 Problem 4- Bessel FunctionsTests.xctest"; sourceTree = BUILT_PRODUCTS_DIR; };
		ED6C8C932B7C2FCA00775B83 /* HW_2_Problem_4__Bessel_FunctionsTests.swift */ = {isa = PBXFileReference; lastKnownFileType = sourcecode.swift; path = HW_2_Problem_4__Bessel_FunctionsTests.swift; sourceTree = "<group>"; };
		ED6C8C992B7C2FCA00775B83 /* HW 2 Problem 4- Bessel FunctionsUITests.xctest */ = {isa = PBXFileReference; explicitFileType = wrapper.cfbundle; includeInIndex = 0; path = "HW 2 Problem 4- Bessel FunctionsUITests.xctest"; sourceTree = BUILT_PRODUCTS_DIR; };
		ED6C8C9D2B7C2FCA00775B83 /* HW_2_Problem_4__Bessel_FunctionsUITests.swift */ = {isa = PBXFileReference; lastKnownFileType = sourcecode.swift; path = HW_2_Problem_4__Bessel_FunctionsUITests.swift; sourceTree = "<group>"; };
		ED6C8C9F2B7C2FCA00775B83 /* HW_2_Problem_4__Bessel_FunctionsUITestsLaunchTests.swift */ = {isa = PBXFileReference; lastKnownFileType = sourcecode.swift; path = HW_2_Problem_4__Bessel_FunctionsUITestsLaunchTests.swift; sourceTree = "<group>"; };
		EDA34AFF2B85757800689D1C /* Problem4a.swift */ = {isa = PBXFileReference; lastKnownFileType = sourcecode.swift; path = Problem4a.swift; sourceTree = "<group>"; };
/* End PBXFileReference section */

/* Begin PBXFrameworksBuildPhase section */
		ED6C8C7B2B7C2FC800775B83 /* Frameworks */ = {
			isa = PBXFrameworksBuildPhase;
			buildActionMask = 2147483647;
			files = (
			);
			runOnlyForDeploymentPostprocessing = 0;
		};
		ED6C8C8C2B7C2FCA00775B83 /* Frameworks */ = {
			isa = PBXFrameworksBuildPhase;
			buildActionMask = 2147483647;
			files = (
			);
			runOnlyForDeploymentPostprocessing = 0;
		};
		ED6C8C962B7C2FCA00775B83 /* Frameworks */ = {
			isa = PBXFrameworksBuildPhase;
			buildActionMask = 2147483647;
			files = (
			);
			runOnlyForDeploymentPostprocessing = 0;
		};
/* End PBXFrameworksBuildPhase section */

/* Begin PBXGroup section */
		ED6C8C752B7C2FC800775B83 = {
			isa = PBXGroup;
			children = (
				ED6C8C802B7C2FC800775B83 /* HW 2 Problem 4- Bessel Functions */,
				ED6C8C922B7C2FCA00775B83 /* HW 2 Problem 4- Bessel FunctionsTests */,
				ED6C8C9C2B7C2FCA00775B83 /* HW 2 Problem 4- Bessel FunctionsUITests */,
				ED6C8C7F2B7C2FC800775B83 /* Products */,
			);
			sourceTree = "<group>";
		};
		ED6C8C7F2B7C2FC800775B83 /* Products */ = {
			isa = PBXGroup;
			children = (
				ED6C8C7E2B7C2FC800775B83 /* HW 2 Problem 4- Bessel Functions.app */,
				ED6C8C8F2B7C2FCA00775B83 /* HW 2 Problem 4- Bessel FunctionsTests.xctest */,
				ED6C8C992B7C2FCA00775B83 /* HW 2 Problem 4- Bessel FunctionsUITests.xctest */,
			);
			name = Products;
			sourceTree = "<group>";
		};
		ED6C8C802B7C2FC800775B83 /* HW 2 Problem 4- Bessel Functions */ = {
			isa = PBXGroup;
			children = (
				ED6C8C812B7C2FC800775B83 /* HW_2_Problem_4__Bessel_FunctionsApp.swift */,
				ED6C8C832B7C2FC800775B83 /* ContentView.swift */,
				EDA34AFF2B85757800689D1C /* Problem4a.swift */,
				ED6C8C852B7C2FCA00775B83 /* Assets.xcassets */,
				ED6C8C872B7C2FCA00775B83 /* HW_2_Problem_4__Bessel_Functions.entitlements */,
				ED6C8C882B7C2FCA00775B83 /* Preview Content */,
			);
			path = "HW 2 Problem 4- Bessel Functions";
			sourceTree = "<group>";
		};
		ED6C8C882B7C2FCA00775B83 /* Preview Content */ = {
			isa = PBXGroup;
			children = (
				ED6C8C892B7C2FCA00775B83 /* Preview Assets.xcassets */,
			);
			path = "Preview Content";
			sourceTree = "<group>";
		};
		ED6C8C922B7C2FCA00775B83 /* HW 2 Problem 4- Bessel FunctionsTests */ = {
			isa = PBXGroup;
			children = (
				ED6C8C932B7C2FCA00775B83 /* HW_2_Problem_4__Bessel_FunctionsTests.swift */,
			);
			path = "HW 2 Problem 4- Bessel FunctionsTests";
			sourceTree = "<group>";
		};
		ED6C8C9C2B7C2FCA00775B83 /* HW 2 Problem 4- Bessel FunctionsUITests */ = {
			isa = PBXGroup;
			children = (
				ED6C8C9D2B7C2FCA00775B83 /* HW_2_Problem_4__Bessel_FunctionsUITests.swift */,
				ED6C8C9F2B7C2FCA00775B83 /* HW_2_Problem_4__Bessel_FunctionsUITestsLaunchTests.swift */,
			);
			path = "HW 2 Problem 4- Bessel FunctionsUITests";
			sourceTree = "<group>";
		};
/* End PBXGroup section */

/* Begin PBXNativeTarget section */
		ED6C8C7D2B7C2FC800775B83 /* HW 2 Problem 4- Bessel Functions */ = {
			isa = PBXNativeTarget;
			buildConfigurationList = ED6C8CA32B7C2FCA00775B83 /* Build configuration list for PBXNativeTarget "HW 2 Problem 4- Bessel Functions" */;
			buildPhases = (
				ED6C8C7A2B7C2FC800775B83 /* Sources */,
				ED6C8C7B2B7C2FC800775B83 /* Frameworks */,
				ED6C8C7C2B7C2FC800775B83 /* Resources */,
			);
			buildRules = (
			);
			dependencies = (
			);
			name = "HW 2 Problem 4- Bessel Functions";
			productName = "HW 2 Problem 4- Bessel Functions";
			productReference = ED6C8C7E2B7C2FC800775B83 /* HW 2 Problem 4- Bessel Functions.app */;
			productType = "com.apple.product-type.application";
		};
		ED6C8C8E2B7C2FCA00775B83 /* HW 2 Problem 4- Bessel FunctionsTests */ = {
			isa = PBXNativeTarget;
			buildConfigurationList = ED6C8CA62B7C2FCA00775B83 /* Build configuration list for PBXNativeTarget "HW 2 Problem 4- Bessel FunctionsTests" */;
			buildPhases = (
				ED6C8C8B2B7C2FCA00775B83 /* Sources */,
				ED6C8C8C2B7C2FCA00775B83 /* Frameworks */,
				ED6C8C8D2B7C2FCA00775B83 /* Resources */,
			);
			buildRules = (
			);
			dependencies = (
				ED6C8C912B7C2FCA00775B83 /* PBXTargetDependency */,
			);
			name = "HW 2 Problem 4- Bessel FunctionsTests";
			productName = "HW 2 Problem 4- Bessel FunctionsTests";
			productReference = ED6C8C8F2B7C2FCA00775B83 /* HW 2 Problem 4- Bessel FunctionsTests.xctest */;
			productType = "com.apple.product-type.bundle.unit-test";
		};
		ED6C8C982B7C2FCA00775B83 /* HW 2 Problem 4- Bessel FunctionsUITests */ = {
			isa = PBXNativeTarget;
			buildConfigurationList = ED6C8CA92B7C2FCA00775B83 /* Build configuration list for PBXNativeTarget "HW 2 Problem 4- Bessel FunctionsUITests" */;
			buildPhases = (
				ED6C8C952B7C2FCA00775B83 /* Sources */,
				ED6C8C962B7C2FCA00775B83 /* Frameworks */,
				ED6C8C972B7C2FCA00775B83 /* Resources */,
			);
			buildRules = (
			);
			dependencies = (
				ED6C8C9B2B7C2FCA00775B83 /* PBXTargetDependency */,
			);
			name = "HW 2 Problem 4- Bessel FunctionsUITests";
			productName = "HW 2 Problem 4- Bessel FunctionsUITests";
			productReference = ED6C8C992B7C2FCA00775B83 /* HW 2 Problem 4- Bessel FunctionsUITests.xctest */;
			productType = "com.apple.product-type.bundle.ui-testing";
		};
/* End PBXNativeTarget section */

/* Begin PBXProject section */
		ED6C8C762B7C2FC800775B83 /* Project object */ = {
			isa = PBXProject;
			attributes = {
				BuildIndependentTargetsInParallel = 1;
				LastSwiftUpdateCheck = 1520;
				LastUpgradeCheck = 1520;
				TargetAttributes = {
					ED6C8C7D2B7C2FC800775B83 = {
						CreatedOnToolsVersion = 15.2;
					};
					ED6C8C8E2B7C2FCA00775B83 = {
						CreatedOnToolsVersion = 15.2;
						TestTargetID = ED6C8C7D2B7C2FC800775B83;
					};
					ED6C8C982B7C2FCA00775B83 = {
						CreatedOnToolsVersion = 15.2;
						TestTargetID = ED6C8C7D2B7C2FC800775B83;
					};
				};
			};
			buildConfigurationList = ED6C8C792B7C2FC800775B83 /* Build configuration list for PBXProject "HW 2 Problem 4- Bessel Functions" */;
			compatibilityVersion = "Xcode 14.0";
			developmentRegion = en;
			hasScannedForEncodings = 0;
			knownRegions = (
				en,
				Base,
			);
			mainGroup = ED6C8C752B7C2FC800775B83;
			productRefGroup = ED6C8C7F2B7C2FC800775B83 /* Products */;
			projectDirPath = "";
			projectRoot = "";
			targets = (
				ED6C8C7D2B7C2FC800775B83 /* HW 2 Problem 4- Bessel Functions */,
				ED6C8C8E2B7C2FCA00775B83 /* HW 2 Problem 4- Bessel FunctionsTests */,
				ED6C8C982B7C2FCA00775B83 /* HW 2 Problem 4- Bessel FunctionsUITests */,
			);
		};
/* End PBXProject section */

/* Begin PBXResourcesBuildPhase section */
		ED6C8C7C2B7C2FC800775B83 /* Resources */ = {
			isa = PBXResourcesBuildPhase;
			buildActionMask = 2147483647;
			files = (
				ED6C8C8A2B7C2FCA00775B83 /* Preview Assets.xcassets in Resources */,
				ED6C8C862B7C2FCA00775B83 /* Assets.xcassets in Resources */,
			);
			runOnlyForDeploymentPostprocessing = 0;
		};
		ED6C8C8D2B7C2FCA00775B83 /* Resources */ = {
			isa = PBXResourcesBuildPhase;
			buildActionMask = 2147483647;
			files = (
			);
			runOnlyForDeploymentPostprocessing = 0;
		};
		ED6C8C972B7C2FCA00775B83 /* Resources */ = {
			isa = PBXResourcesBuildPhase;
			buildActionMask = 2147483647;
			files = (
			);
			runOnlyForDeploymentPostprocessing = 0;
		};
/* End PBXResourcesBuildPhase section */

/* Begin PBXSourcesBuildPhase section */
		ED6C8C7A2B7C2FC800775B83 /* Sources */ = {
			isa = PBXSourcesBuildPhase;
			buildActionMask = 2147483647;
			files = (
				EDA34B002B85757800689D1C /* Problem4a.swift in Sources */,
				ED6C8C842B7C2FC800775B83 /* ContentView.swift in Sources */,
				ED6C8C822B7C2FC800775B83 /* HW_2_Problem_4__Bessel_FunctionsApp.swift in Sources */,
			);
			runOnlyForDeploymentPostprocessing = 0;
		};
		ED6C8C8B2B7C2FCA00775B83 /* Sources */ = {
			isa = PBXSourcesBuildPhase;
			buildActionMask = 2147483647;
			files = (
				ED6C8C942B7C2FCA00775B83 /* HW_2_Problem_4__Bessel_FunctionsTests.swift in Sources */,
			);
			runOnlyForDeploymentPostprocessing = 0;
		};
		ED6C8C952B7C2FCA00775B83 /* Sources */ = {
			isa = PBXSourcesBuildPhase;
			buildActionMask = 2147483647;
			files = (
				ED6C8C9E2B7C2FCA00775B83 /* HW_2_Problem_4__Bessel_FunctionsUITests.swift in Sources */,
				ED6C8CA02B7C2FCA00775B83 /* HW_2_Problem_4__Bessel_FunctionsUITestsLaunchTests.swift in Sources */,
			);
			runOnlyForDeploymentPostprocessing = 0;
		};
/* End PBXSourcesBuildPhase section */

/* Begin PBXTargetDependency section */
		ED6C8C912B7C2FCA00775B83 /* PBXTargetDependency */ = {
			isa = PBXTargetDependency;
			target = ED6C8C7D2B7C2FC800775B83 /* HW 2 Problem 4- Bessel Functions */;
			targetProxy = ED6C8C902B7C2FCA00775B83 /* PBXContainerItemProxy */;
		};
		ED6C8C9B2B7C2FCA00775B83 /* PBXTargetDependency */ = {
			isa = PBXTargetDependency;
			target = ED6C8C7D2B7C2FC800775B83 /* HW 2 Problem 4- Bessel Functions */;
			targetProxy = ED6C8C9A2B7C2FCA00775B83 /* PBXContainerItemProxy */;
		};
/* End PBXTargetDependency section */

/* Begin XCBuildConfiguration section */
		ED6C8CA12B7C2FCA00775B83 /* Debug */ = {
			isa = XCBuildConfiguration;
			buildSettings = {
				ALWAYS_SEARCH_USER_PATHS = NO;
				ASSETCATALOG_COMPILER_GENERATE_SWIFT_ASSET_SYMBOL_EXTENSIONS = YES;
				CLANG_ANALYZER_NONNULL = YES;
				CLANG_ANALYZER_NUMBER_OBJECT_CONVERSION = YES_AGGRESSIVE;
				CLANG_CXX_LANGUAGE_STANDARD = "gnu++20";
				CLANG_ENABLE_MODULES = YES;
				CLANG_ENABLE_OBJC_ARC = YES;
				CLANG_ENABLE_OBJC_WEAK = YES;
				CLANG_WARN_BLOCK_CAPTURE_AUTORELEASING = YES;
				CLANG_WARN_BOOL_CONVERSION = YES;
				CLANG_WARN_COMMA = YES;
				CLANG_WARN_CONSTANT_CONVERSION = YES;
				CLANG_WARN_DEPRECATED_OBJC_IMPLEMENTATIONS = YES;
				CLANG_WARN_DIRECT_OBJC_ISA_USAGE = YES_ERROR;
				CLANG_WARN_DOCUMENTATION_COMMENTS = YES;
				CLANG_WARN_EMPTY_BODY = YES;
				CLANG_WARN_ENUM_CONVERSION = YES;
				CLANG_WARN_INFINITE_RECURSION = YES;
				CLANG_WARN_INT_CONVERSION = YES;
				CLANG_WARN_NON_LITERAL_NULL_CONVERSION = YES;
				CLANG_WARN_OBJC_IMPLICIT_RETAIN_SELF = YES;
				CLANG_WARN_OBJC_LITERAL_CONVERSION = YES;
				CLANG_WARN_OBJC_ROOT_CLASS = YES_ERROR;
				CLANG_WARN_QUOTED_INCLUDE_IN_FRAMEWORK_HEADER = YES;
				CLANG_WARN_RANGE_LOOP_ANALYSIS = YES;
				CLANG_WARN_STRICT_PROTOTYPES = YES;
				CLANG_WARN_SUSPICIOUS_MOVE = YES;
				CLANG_WARN_UNGUARDED_AVAILABILITY = YES_AGGRESSIVE;
				CLANG_WARN_UNREACHABLE_CODE = YES;
				CLANG_WARN__DUPLICATE_METHOD_MATCH = YES;
				COPY_PHASE_STRIP = NO;
				DEBUG_INFORMATION_FORMAT = dwarf;
				ENABLE_STRICT_OBJC_MSGSEND = YES;
				ENABLE_TESTABILITY = YES;
				ENABLE_USER_SCRIPT_SANDBOXING = YES;
				GCC_C_LANGUAGE_STANDARD = gnu17;
				GCC_DYNAMIC_NO_PIC = NO;
				GCC_NO_COMMON_BLOCKS = YES;
				GCC_OPTIMIZATION_LEVEL = 0;
				GCC_PREPROCESSOR_DEFINITIONS = (
					"DEBUG=1",
					"$(inherited)",
				);
				GCC_WARN_64_TO_32_BIT_CONVERSION = YES;
				GCC_WARN_ABOUT_RETURN_TYPE = YES_ERROR;
				GCC_WARN_UNDECLARED_SELECTOR = YES;
				GCC_WARN_UNINITIALIZED_AUTOS = YES_AGGRESSIVE;
				GCC_WARN_UNUSED_FUNCTION = YES;
				GCC_WARN_UNUSED_VARIABLE = YES;
				LOCALIZATION_PREFERS_STRING_CATALOGS = YES;
				MTL_ENABLE_DEBUG_INFO = INCLUDE_SOURCE;
				MTL_FAST_MATH = YES;
				ONLY_ACTIVE_ARCH = YES;
				SWIFT_ACTIVE_COMPILATION_CONDITIONS = "DEBUG $(inherited)";
				SWIFT_OPTIMIZATION_LEVEL = "-Onone";
			};
			name = Debug;
		};
		ED6C8CA22B7C2FCA00775B83 /* Release */ = {
			isa = XCBuildConfiguration;
			buildSettings = {
				ALWAYS_SEARCH_USER_PATHS = NO;
				ASSETCATALOG_COMPILER_GENERATE_SWIFT_ASSET_SYMBOL_EXTENSIONS = YES;
				CLANG_ANALYZER_NONNULL = YES;
				CLANG_ANALYZER_NUMBER_OBJECT_CONVERSION = YES_AGGRESSIVE;
				CLANG_CXX_LANGUAGE_STANDARD = "gnu++20";
				CLANG_ENABLE_MODULES = YES;
				CLANG_ENABLE_OBJC_ARC = YES;
				CLANG_ENABLE_OBJC_WEAK = YES;
				CLANG_WARN_BLOCK_CAPTURE_AUTORELEASING = YES;
				CLANG_WARN_BOOL_CONVERSION = YES;
				CLANG_WARN_COMMA = YES;
				CLANG_WARN_CONSTANT_CONVERSION = YES;
				CLANG_WARN_DEPRECATED_OBJC_IMPLEMENTATIONS = YES;
				CLANG_WARN_DIRECT_OBJC_ISA_USAGE = YES_ERROR;
				CLANG_WARN_DOCUMENTATION_COMMENTS = YES;
				CLANG_WARN_EMPTY_BODY = YES;
				CLANG_WARN_ENUM_CONVERSION = YES;
				CLANG_WARN_INFINITE_RECURSION = YES;
				CLANG_WARN_INT_CONVERSION = YES;
				CLANG_WARN_NON_LITERAL_NULL_CONVERSION = YES;
				CLANG_WARN_OBJC_IMPLICIT_RETAIN_SELF = YES;
				CLANG_WARN_OBJC_LITERAL_CONVERSION = YES;
				CLANG_WARN_OBJC_ROOT_CLASS = YES_ERROR;
				CLANG_WARN_QUOTED_INCLUDE_IN_FRAMEWORK_HEADER = YES;
				CLANG_WARN_RANGE_LOOP_ANALYSIS = YES;
				CLANG_WARN_STRICT_PROTOTYPES = YES;
				CLANG_WARN_SUSPICIOUS_MOVE = YES;
				CLANG_WARN_UNGUARDED_AVAILABILITY = YES_AGGRESSIVE;
				CLANG_WARN_UNREACHABLE_CODE = YES;
				CLANG_WARN__DUPLICATE_METHOD_MATCH = YES;
				COPY_PHASE_STRIP = NO;
				DEBUG_INFORMATION_FORMAT = "dwarf-with-dsym";
				ENABLE_NS_ASSERTIONS = NO;
				ENABLE_STRICT_OBJC_MSGSEND = YES;
				ENABLE_USER_SCRIPT_SANDBOXING = YES;
				GCC_C_LANGUAGE_STANDARD = gnu17;
				GCC_NO_COMMON_BLOCKS = YES;
				GCC_WARN_64_TO_32_BIT_CONVERSION = YES;
				GCC_WARN_ABOUT_RETURN_TYPE = YES_ERROR;
				GCC_WARN_UNDECLARED_SELECTOR = YES;
				GCC_WARN_UNINITIALIZED_AUTOS = YES_AGGRESSIVE;
				GCC_WARN_UNUSED_FUNCTION = YES;
				GCC_WARN_UNUSED_VARIABLE = YES;
				LOCALIZATION_PREFERS_STRING_CATALOGS = YES;
				MTL_ENABLE_DEBUG_INFO = NO;
				MTL_FAST_MATH = YES;
				SWIFT_COMPILATION_MODE = wholemodule;
			};
			name = Release;
		};
		ED6C8CA42B7C2FCA00775B83 /* Debug */ = {
			isa = XCBuildConfiguration;
			buildSettings = {
				ASSETCATALOG_COMPILER_APPICON_NAME = AppIcon;
				ASSETCATALOG_COMPILER_GLOBAL_ACCENT_COLOR_NAME = AccentColor;
				CODE_SIGN_ENTITLEMENTS = "HW 2 Problem 4- Bessel Functions/HW_2_Problem_4__Bessel_Functions.entitlements";
				CODE_SIGN_STYLE = Automatic;
				CURRENT_PROJECT_VERSION = 1;
				DEVELOPMENT_ASSET_PATHS = "\"HW 2 Problem 4- Bessel Functions/Preview Content\"";
				DEVELOPMENT_TEAM = 75J3K8B84J;
				ENABLE_HARDENED_RUNTIME = YES;
				ENABLE_PREVIEWS = YES;
				GENERATE_INFOPLIST_FILE = YES;
				"INFOPLIST_KEY_UIApplicationSceneManifest_Generation[sdk=iphoneos*]" = YES;
				"INFOPLIST_KEY_UIApplicationSceneManifest_Generation[sdk=iphonesimulator*]" = YES;
				"INFOPLIST_KEY_UIApplicationSupportsIndirectInputEvents[sdk=iphoneos*]" = YES;
				"INFOPLIST_KEY_UIApplicationSupportsIndirectInputEvents[sdk=iphonesimulator*]" = YES;
				"INFOPLIST_KEY_UILaunchScreen_Generation[sdk=iphoneos*]" = YES;
				"INFOPLIST_KEY_UILaunchScreen_Generation[sdk=iphonesimulator*]" = YES;
				"INFOPLIST_KEY_UIStatusBarStyle[sdk=iphoneos*]" = UIStatusBarStyleDefault;
				"INFOPLIST_KEY_UIStatusBarStyle[sdk=iphonesimulator*]" = UIStatusBarStyleDefault;
				INFOPLIST_KEY_UISupportedInterfaceOrientations_iPad = "UIInterfaceOrientationPortrait UIInterfaceOrientationPortraitUpsideDown UIInterfaceOrientationLandscapeLeft UIInterfaceOrientationLandscapeRight";
				INFOPLIST_KEY_UISupportedInterfaceOrientations_iPhone = "UIInterfaceOrientationPortrait UIInterfaceOrientationLandscapeLeft UIInterfaceOrientationLandscapeRight";
				IPHONEOS_DEPLOYMENT_TARGET = 17.2;
				LD_RUNPATH_SEARCH_PATHS = "@executable_path/Frameworks";
				"LD_RUNPATH_SEARCH_PATHS[sdk=macosx*]" = "@executable_path/../Frameworks";
				MACOSX_DEPLOYMENT_TARGET = 14.2;
				MARKETING_VERSION = 1.0;
				PRODUCT_BUNDLE_IDENTIFIER = "Test.HW-2-Problem-4--Bessel-Functions";
				PRODUCT_NAME = "$(TARGET_NAME)";
				SDKROOT = auto;
				SUPPORTED_PLATFORMS = "iphoneos iphonesimulator macosx";
				SWIFT_EMIT_LOC_STRINGS = YES;
				SWIFT_VERSION = 5.0;
				TARGETED_DEVICE_FAMILY = "1,2";
			};
			name = Debug;
		};
		ED6C8CA52B7C2FCA00775B83 /* Release */ = {
			isa = XCBuildConfiguration;
			buildSettings = {
				ASSETCATALOG_COMPILER_APPICON_NAME = AppIcon;
				ASSETCATALOG_COMPILER_GLOBAL_ACCENT_COLOR_NAME = AccentColor;
				CODE_SIGN_ENTITLEMENTS = "HW 2 Problem 4- Bessel Functions/HW_2_Problem_4__Bessel_Functions.entitlements";
				CODE_SIGN_STYLE = Automatic;
				CURRENT_PROJECT_VERSION = 1;
				DEVELOPMENT_ASSET_PATHS = "\"HW 2 Problem 4- Bessel Functions/Preview Content\"";
				DEVELOPMENT_TEAM = 75J3K8B84J;
				ENABLE_HARDENED_RUNTIME = YES;
				ENABLE_PREVIEWS = YES;
				GENERATE_INFOPLIST_FILE = YES;
				"INFOPLIST_KEY_UIApplicationSceneManifest_Generation[sdk=iphoneos*]" = YES;
				"INFOPLIST_KEY_UIApplicationSceneManifest_Generation[sdk=iphonesimulator*]" = YES;
				"INFOPLIST_KEY_UIApplicationSupportsIndirectInputEvents[sdk=iphoneos*]" = YES;
				"INFOPLIST_KEY_UIApplicationSupportsIndirectInputEvents[sdk=iphonesimulator*]" = YES;
				"INFOPLIST_KEY_UILaunchScreen_Generation[sdk=iphoneos*]" = YES;
				"INFOPLIST_KEY_UILaunchScreen_Generation[sdk=iphonesimulator*]" = YES;
				"INFOPLIST_KEY_UIStatusBarStyle[sdk=iphoneos*]" = UIStatusBarStyleDefault;
				"INFOPLIST_KEY_UIStatusBarStyle[sdk=iphonesimulator*]" = UIStatusBarStyleDefault;
				INFOPLIST_KEY_UISupportedInterfaceOrientations_iPad = "UIInterfaceOrientationPortrait UIInterfaceOrientationPortraitUpsideDown UIInterfaceOrientationLandscapeLeft UIInterfaceOrientationLandscapeRight";
				INFOPLIST_KEY_UISupportedInterfaceOrientations_iPhone = "UIInterfaceOrientationPortrait UIInterfaceOrientationLandscapeLeft UIInterfaceOrientationLandscapeRight";
				IPHONEOS_DEPLOYMENT_TARGET = 17.2;
				LD_RUNPATH_SEARCH_PATHS = "@executable_path/Frameworks";
				"LD_RUNPATH_SEARCH_PATHS[sdk=macosx*]" = "@executable_path/../Frameworks";
				MACOSX_DEPLOYMENT_TARGET = 14.2;
				MARKETING_VERSION = 1.0;
				PRODUCT_BUNDLE_IDENTIFIER = "Test.HW-2-Problem-4--Bessel-Functions";
				PRODUCT_NAME = "$(TARGET_NAME)";
				SDKROOT = auto;
				SUPPORTED_PLATFORMS = "iphoneos iphonesimulator macosx";
				SWIFT_EMIT_LOC_STRINGS = YES;
				SWIFT_VERSION = 5.0;
				TARGETED_DEVICE_FAMILY = "1,2";
			};
			name = Release;
		};
		ED6C8CA72B7C2FCA00775B83 /* Debug */ = {
			isa = XCBuildConfiguration;
			buildSettings = {
				ALWAYS_EMBED_SWIFT_STANDARD_LIBRARIES = YES;
				BUNDLE_LOADER = "$(TEST_HOST)";
				CODE_SIGN_STYLE = Automatic;
				CURRENT_PROJECT_VERSION = 1;
				DEVELOPMENT_TEAM = 75J3K8B84J;
				GENERATE_INFOPLIST_FILE = YES;
				IPHONEOS_DEPLOYMENT_TARGET = 17.2;
				MACOSX_DEPLOYMENT_TARGET = 14.2;
				MARKETING_VERSION = 1.0;
				PRODUCT_BUNDLE_IDENTIFIER = "Test.HW-2-Problem-4--Bessel-FunctionsTests";
				PRODUCT_NAME = "$(TARGET_NAME)";
				SDKROOT = auto;
				SUPPORTED_PLATFORMS = "iphoneos iphonesimulator macosx";
				SWIFT_EMIT_LOC_STRINGS = NO;
				SWIFT_VERSION = 5.0;
				TARGETED_DEVICE_FAMILY = "1,2";
				TEST_HOST = "$(BUILT_PRODUCTS_DIR)/HW 2 Problem 4- Bessel Functions.app/$(BUNDLE_EXECUTABLE_FOLDER_PATH)/HW 2 Problem 4- Bessel Functions";
			};
			name = Debug;
		};
		ED6C8CA82B7C2FCA00775B83 /* Release */ = {
			isa = XCBuildConfiguration;
			buildSettings = {
				ALWAYS_EMBED_SWIFT_STANDARD_LIBRARIES = YES;
				BUNDLE_LOADER = "$(TEST_HOST)";
				CODE_SIGN_STYLE = Automatic;
				CURRENT_PROJECT_VERSION = 1;
				DEVELOPMENT_TEAM = 75J3K8B84J;
				GENERATE_INFOPLIST_FILE = YES;
				IPHONEOS_DEPLOYMENT_TARGET = 17.2;
				MACOSX_DEPLOYMENT_TARGET = 14.2;
				MARKETING_VERSION = 1.0;
				PRODUCT_BUNDLE_IDENTIFIER = "Test.HW-2-Problem-4--Bessel-FunctionsTests";
				PRODUCT_NAME = "$(TARGET_NAME)";
				SDKROOT = auto;
				SUPPORTED_PLATFORMS = "iphoneos iphonesimulator macosx";
				SWIFT_EMIT_LOC_STRINGS = NO;
				SWIFT_VERSION = 5.0;
				TARGETED_DEVICE_FAMILY = "1,2";
				TEST_HOST = "$(BUILT_PRODUCTS_DIR)/HW 2 Problem 4- Bessel Functions.app/$(BUNDLE_EXECUTABLE_FOLDER_PATH)/HW 2 Problem 4- Bessel Functions";
			};
			name = Release;
		};
		ED6C8CAA2B7C2FCA00775B83 /* Debug */ = {
			isa = XCBuildConfiguration;
			buildSettings = {
				ALWAYS_EMBED_SWIFT_STANDARD_LIBRARIES = YES;
				CODE_SIGN_STYLE = Automatic;
				CURRENT_PROJECT_VERSION = 1;
				DEVELOPMENT_TEAM = 75J3K8B84J;
				GENERATE_INFOPLIST_FILE = YES;
				IPHONEOS_DEPLOYMENT_TARGET = 17.2;
				MACOSX_DEPLOYMENT_TARGET = 14.2;
				MARKETING_VERSION = 1.0;
				PRODUCT_BUNDLE_IDENTIFIER = "Test.HW-2-Problem-4--Bessel-FunctionsUITests";
				PRODUCT_NAME = "$(TARGET_NAME)";
				SDKROOT = auto;
				SUPPORTED_PLATFORMS = "iphoneos iphonesimulator macosx";
				SWIFT_EMIT_LOC_STRINGS = NO;
				SWIFT_VERSION = 5.0;
				TARGETED_DEVICE_FAMILY = "1,2";
				TEST_TARGET_NAME = "HW 2 Problem 4- Bessel Functions";
			};
			name = Debug;
		};
		ED6C8CAB2B7C2FCA00775B83 /* Release */ = {
			isa = XCBuildConfiguration;
			buildSettings = {
				ALWAYS_EMBED_SWIFT_STANDARD_LIBRARIES = YES;
				CODE_SIGN_STYLE = Automatic;
				CURRENT_PROJECT_VERSION = 1;
				DEVELOPMENT_TEAM = 75J3K8B84J;
				GENERATE_INFOPLIST_FILE = YES;
				IPHONEOS_DEPLOYMENT_TARGET = 17.2;
				MACOSX_DEPLOYMENT_TARGET = 14.2;
				MARKETING_VERSION = 1.0;
				PRODUCT_BUNDLE_IDENTIFIER = "Test.HW-2-Problem-4--Bessel-FunctionsUITests";
				PRODUCT_NAME = "$(TARGET_NAME)";
				SDKROOT = auto;
				SUPPORTED_PLATFORMS = "iphoneos iphonesimulator macosx";
				SWIFT_EMIT_LOC_STRINGS = NO;
				SWIFT_VERSION = 5.0;
				TARGETED_DEVICE_FAMILY = "1,2";
				TEST_TARGET_NAME = "HW 2 Problem 4- Bessel Functions";
			};
			name = Release;
		};
/* End XCBuildConfiguration section */

/* Begin XCConfigurationList section */
		ED6C8C792B7C2FC800775B83 /* Build configuration list for PBXProject "HW 2 Problem 4- Bessel Functions" */ = {
			isa = XCConfigurationList;
			buildConfigurations = (
				ED6C8CA12B7C2FCA00775B83 /* Debug */,
				ED6C8CA22B7C2FCA00775B83 /* Release */,
			);
			defaultConfigurationIsVisible = 0;
			defaultConfigurationName = Release;
		};
		ED6C8CA32B7C2FCA00775B83 /* Build configuration list for PBXNativeTarget "HW 2 Problem 4- Bessel Functions" */ = {
			isa = XCConfigurationList;
			buildConfigurations = (
				ED6C8CA42B7C2FCA00775B83 /* Debug */,
				ED6C8CA52B7C2FCA00775B83 /* Release */,
			);
			defaultConfigurationIsVisible = 0;
			defaultConfigurationName = Release;
		};
		ED6C8CA62B7C2FCA00775B83 /* Build configuration list for PBXNativeTarget "HW 2 Problem 4- Bessel FunctionsTests" */ = {
			isa = XCConfigurationList;
			buildConfigurations = (
				ED6C8CA72B7C2FCA00775B83 /* Debug */,
				ED6C8CA82B7C2FCA00775B83 /* Release */,
			);
			defaultConfigurationIsVisible = 0;
			defaultConfigurationName = Release;
		};
		ED6C8CA92B7C2FCA00775B83 /* Build configuration list for PBXNativeTarget "HW 2 Problem 4- Bessel FunctionsUITests" */ = {
			isa = XCConfigurationList;
			buildConfigurations = (
				ED6C8CAA2B7C2FCA00775B83 /* Debug */,
				ED6C8CAB2B7C2FCA00775B83 /* Release */,
			);
			defaultConfigurationIsVisible = 0;
			defaultConfigurationName = Release;
		};
/* End XCConfigurationList section */
	};
	rootObject = ED6C8C762B7C2FC800775B83 /* Project object */;
}
